
Microsoft Visual Studio Solution File, Format Version 12.00
# Visual Studio Version 16
VisualStudioVersion = 16.0.30517.126
MinimumVisualStudioVersion = 10.0.40219.1
Project("{8BC9CEB8-8B4A-11D0-8D11-00A0C91BC942}") = "polymorpher", "polymorpher\polymorpher.vcxproj", "{786D3676-68A8-443C-8E20-A603B93A4167}"
EndProject
Project("{8BC9CEB8-8B4A-11D0-8D11-00A0C91BC942}") = "prog", "prog\prog.vcxproj", "{44906E70-1AD5-4E9A-AD32-B04E295E1949}"
EndProject
Project("{8BC9CEB8-8B4A-11D0-8D11-00A0C91BC942}") = "encrypter", "encrypter\encrypter.vcxproj", "{90880DC3-56CA-4621-AB88-68760E12B025}"
EndProject
Global
	GlobalSection(SolutionConfigurationPlatforms) = preSolution
		Debug|x64 = Debug|x64
		Debug|x86 = Debug|x86
		Release|x64 = Release|x64
		Release|x86 = Release|x86
	EndGlobalSection
	GlobalSection(ProjectConfigurationPlatforms) = postSolution
		{786D3676-68A8-443C-8E20-A603B93A4167}.Debug|x64.ActiveCfg = Debug|x64
		{786D3676-68A8-443C-8E20-A603B93A4167}.Debug|x64.Build.0 = Debug|x64
		{786D3676-68A8-443C-8E20-A603B93A4167}.Debug|x86.ActiveCfg = Debug|Win32
		{786D3676-68A8-443C-8E20-A603B93A4167}.Debug|x86.Build.0 = Debug|Win32
		{786D3676-68A8-443C-8E20-A603B93A4167}.Release|x64.ActiveCfg = Release|x64
		{786D3676-68A8-443C-8E20-A603B93A4167}.Release|x64.Build.0 = Release|x64
		{786D3676-68A8-443C-8E20-A603B93A4167}.Release|x86.ActiveCfg = Release|Win32
		{786D3676-68A8-443C-8E20-A603B93A4167}.Release|x86.Build.0 = Release|Win32
		{44906E70-1AD5-4E9A-AD32-B04E295E1949}.Debug|x64.ActiveCfg = Debug|x64
		{44906E70-1AD5-4E9A-AD32-B04E295E1949}.Debug|x64.Build.0 = Debug|x64
		{44906E70-1AD5-4E9A-AD32-B04E295E1949}.Debug|x86.ActiveCfg = Debug|Win32
		{44906E70-1AD5-4E9A-AD32-B04E295E1949}.Debug|x86.Build.0 = Debug|Win32
		{44906E70-1AD5-4E9A-AD32-B04E295E1949}.Release|x64.ActiveCfg = Release|x64
		{44906E70-1AD5-4E9A-AD32-B04E295E1949}.Release|x64.Build.0 = Release|x64
		{44906E70-1AD5-4E9A-AD32-B04E295E1949}.Release|x86.ActiveCfg = Release|Win32
		{44906E70-1AD5-4E9A-AD32-B04E295E1949}.Release|x86.Build.0 = Release|Win32
		{90880DC3-56CA-4621-AB88-68760E12B025}.Debug|x64.ActiveCfg = Debug|x64
		{90880DC3-56CA-4621-AB88-68760E12B025}.Debug|x64.Build.0 = Debug|x64
		{90880DC3-56CA-4621-AB88-68760E12B025}.Debug|x86.ActiveCfg = Debug|Win32
		{90880DC3-56CA-4621-AB88-68760E12B025}.Debug|x86.Build.0 = Debug|Win32
		{90880DC3-56CA-4621-AB88-68760E12B025}.Release|x64.ActiveCfg = Release|x64
		{90880DC3-56CA-4621-AB88-68760E12B025}.Release|x64.Build.0 = Release|x64
		{90880DC3-56CA-4621-AB88-68760E12B025}.Release|x86.ActiveCfg = Release|Win32
		{90880DC3-56CA-4621-AB88-68760E12B025}.Release|x86.Build.0 = Release|Win32
	EndGlobalSection
	GlobalSection(SolutionProperties) = preSolution
		HideSolutionNode = FALSE
	EndGlobalSection
	GlobalSection(ExtensibilityGlobals) = postSolution
		SolutionGuid = {E4B5B425-3341-4BC6-A5FE-5DFD1D067940}
	EndGlobalSection
EndGlobal
